{
  "requires": true,
  "lockfileVersion": 1,
  "dependencies": {
    "aos": {
      "version": "2.3.4",
      "resolved": "https://registry.npmjs.org/aos/-/aos-2.3.4.tgz",
      "integrity": "sha512-zh/ahtR2yME4I51z8IttIt4lC1Nw0ktsFtmeDzID1m9naJnWXhCoARaCgNOGXb5CLy3zm+wqmRAEgMYB5E2HUw==",
      "requires": {
        "classlist-polyfill": "^1.0.3",
        "lodash.debounce": "^4.0.6",
        "lodash.throttle": "^4.0.1"
      }
    },
    "classlist-polyfill": {
      "version": "1.2.0",
      "resolved": "https://registry.npmjs.org/classlist-polyfill/-/classlist-polyfill-1.2.0.tgz",
      "integrity": "sha1-k1vC39lFiodrJ5YXUUY4vKqWSi4="
    },
    "countup.js": {
      "version": "1.9.3",
      "resolved": "https://registry.npmjs.org/countup.js/-/countup.js-1.9.3.tgz",
      "integrity": "sha1-zj5QzXFgRB5HjwfaMYle3MDxyd0="
    },
    "js-tokens": {
      "version": "4.0.0",
      "resolved": "https://registry.npmjs.org/js-tokens/-/js-tokens-4.0.0.tgz",
      "integrity": "sha512-RdJUflcE3cUzKiMqQgsCu06FPu9UdIJO0beYbPhHN4k6apgJtifcoCtT9bcxOpYBtpD2kCM6Sbzg4CausW/PKQ=="
    },
    "lodash.debounce": {
      "version": "4.0.8",
      "resolved": "https://registry.npmjs.org/lodash.debounce/-/lodash.debounce-4.0.8.tgz",
      "integrity": "sha1-gteb/zCmfEAF/9XiUVMArZyk168="
    },
    "lodash.throttle": {
      "version": "4.1.1",
      "resolved": "https://registry.npmjs.org/lodash.throttle/-/lodash.throttle-4.1.1.tgz",
      "integrity": "sha1-wj6RtxAkKscMN/HhzaknTMOb8vQ="
    },
    "loose-envify": {
      "version": "1.4.0",
      "resolved": "https://registry.npmjs.org/loose-envify/-/loose-envify-1.4.0.tgz",
      "integrity": "sha512-lyuxPGr/Wfhrlem2CL/UcnUc1zcqKAImBDzukY7Y5F/yQiNdko6+fRLevlw1HgMySw7f611UIY408EtxRSoK3Q==",
      "requires": {
        "js-tokens": "^3.0.0 || ^4.0.0"
      }
    },
    "object-assign": {
      "version": "4.1.1",
      "resolved": "https://registry.npmjs.org/object-assign/-/object-assign-4.1.1.tgz",
      "integrity": "sha1-IQmtx5ZYh8/AXLvUQsrIv7s2CGM="
    },
    "prop-types": {
      "version": "15.7.2",
      "resolved": "https://registry.npmjs.org/prop-types/-/prop-types-15.7.2.tgz",
      "integrity": "sha512-8QQikdH7//R2vurIJSutZ1smHYTcLpRWEOlHnzcWHmBYrOGUysKwSsrC89BCiFj3CbrfJ/nXFdJepOVrY1GCHQ==",
      "requires": {
        "loose-envify": "^1.4.0",
        "object-assign": "^4.1.1",
        "react-is": "^16.8.1"
      }
    },
    "react-alice-carousel": {
      "version": "1.17.3",
      "resolved": "https://registry.npmjs.org/react-alice-carousel/-/react-alice-carousel-1.17.3.tgz",
      "integrity": "sha512-b+ODgT//GTUORlkN01H5NFj3jugR0unwbCBBOgOibg2bkhJglmuADyXzEoQlCBSkIRJjs4PqCNUbpwdzaHcG5w==",
      "requires": {
        "prop-types": "^15.5.10",
        "vanilla-swipe": "^1.0.0"
      }
    },
    "react-countup": {
      "version": "4.3.3",
      "resolved": "https://registry.npmjs.org/react-countup/-/react-countup-4.3.3.tgz",
      "integrity": "sha512-pWnxpwdPNRyJFha/YKKbyc4RLAw8PzmULdgCziGIgw6vxhT1VdccrvQgj38HBSoM2qF/MoLmn4M2klvDWVIdaw==",
      "requires": {
        "countup.js": "^1.9.3",
        "prop-types": "^15.7.2",
        "warning": "^4.0.3"
      }
    },
    "react-img-zoom": {
      "version": "0.1.0",
      "resolved": "https://registry.npmjs.org/react-img-zoom/-/react-img-zoom-0.1.0.tgz",
      "integrity": "sha512-TkoDAKJQWuZX3w7+8loHUH/1aT2nNdCPSz2RR8t1Ckp86mrZ728Afm5oOyc7a3bnCJsUK1suaDvXBjpvwJEnrg=="
    },
    "react-is": {
      "version": "16.13.0",
      "resolved": "https://registry.npmjs.org/react-is/-/react-is-16.13.0.tgz",
      "integrity": "sha512-GFMtL0vHkiBv9HluwNZTggSn/sCyEt9n02aM0dSAjGGyqyNlAyftYm4phPxdvCigG15JreC5biwxCgTAJZ7yAA=="
    },
    "vanilla-swipe": {
      "version": "1.1.1",
      "resolved": "https://registry.npmjs.org/vanilla-swipe/-/vanilla-swipe-1.1.1.tgz",
      "integrity": "sha512-GQ8y6omllPD03KbVTlxa6cjdn+T69nXVitTLRG3PMCz3t8fPdMDFODwIDgj53IfRxcdw5bL6n6Q8MIPoctIA3w=="
    },
    "warning": {
      "version": "4.0.3",
      "resolved": "https://registry.npmjs.org/warning/-/warning-4.0.3.tgz",
      "integrity": "sha512-rpJyN222KWIvHJ/F53XSZv0Zl/accqHR8et1kpaMTD/fLCRxtV8iX8czMzY7sVZupTI3zcUTg8eycS2kNF9l6w==",
      "requires": {
        "loose-envify": "^1.0.0"
      }
    }
  }
}
